
Microsoft Visual Studio Solution File, Format Version 12.00
# Visual Studio Version 16
VisualStudioVersion = 16.0.31702.278
MinimumVisualStudioVersion = 10.0.40219.1
Project("{2150E333-8FDC-42A3-9474-1A3956D46DE8}") = "Apresentacao", "Apresentacao", "{A8EAB8A6-198B-4DE3-883F-748F771549C4}"
EndProject
Project("{2150E333-8FDC-42A3-9474-1A3956D46DE8}") = "Dominio", "Dominio", "{34BB7304-EF73-4D26-8C9F-52B901DE739F}"
EndProject
Project("{9A19103F-16F7-4668-BE54-9A1E7A4F7556}") = "TorneioLeft4Dead2FunctionApp", "Apresentacao\TorneioLeft4Dead2FunctionApp\TorneioLeft4Dead2FunctionApp.csproj", "{DEBC0009-BAAC-40DC-997E-AE3107466C8B}"
EndProject
Project("{9A19103F-16F7-4668-BE54-9A1E7A4F7556}") = "TorneioLeft4Dead2", "Dominio\TorneioLeft4Dead2\TorneioLeft4Dead2.csproj", "{82347870-F1AC-49E3-BCF5-43B850A96F17}"
EndProject
Project("{9A19103F-16F7-4668-BE54-9A1E7A4F7556}") = "TorneioLeft4Dead2.Storage", "Dominio\TorneioLeft4Dead2.Storage\TorneioLeft4Dead2.Storage.csproj", "{08F6F874-2188-4E79-BD6D-8ACAF58F9A97}"
EndProject
Project("{9A19103F-16F7-4668-BE54-9A1E7A4F7556}") = "TorneioLeft4Dead2.DependencyInjection", "Dominio\TorneioLeft4Dead2.DependencyInjection\TorneioLeft4Dead2.DependencyInjection.csproj", "{9FA4EE82-E088-4CEA-BABA-5FB23107715C}"
EndProject
Project("{2150E333-8FDC-42A3-9474-1A3956D46DE8}") = ".dev-ops", ".dev-ops", "{1DEBBD9C-266D-4B2B-8D29-22D0A918B293}"
	ProjectSection(SolutionItems) = preProject
		azure-pipelines.yml = azure-pipelines.yml
	EndProjectSection
EndProject
Project("{9A19103F-16F7-4668-BE54-9A1E7A4F7556}") = "TorneioLeft4Dead2.Steam", "Dominio\TorneioLeft4Dead2.Steam\TorneioLeft4Dead2.Steam.csproj", "{C8453BDE-0B13-4D7E-ABDC-5BCB066118F8}"
EndProject
Global
	GlobalSection(SolutionConfigurationPlatforms) = preSolution
		Debug|Any CPU = Debug|Any CPU
		Release|Any CPU = Release|Any CPU
	EndGlobalSection
	GlobalSection(ProjectConfigurationPlatforms) = postSolution
		{DEBC0009-BAAC-40DC-997E-AE3107466C8B}.Debug|Any CPU.ActiveCfg = Debug|Any CPU
		{DEBC0009-BAAC-40DC-997E-AE3107466C8B}.Debug|Any CPU.Build.0 = Debug|Any CPU
		{DEBC0009-BAAC-40DC-997E-AE3107466C8B}.Release|Any CPU.ActiveCfg = Release|Any CPU
		{DEBC0009-BAAC-40DC-997E-AE3107466C8B}.Release|Any CPU.Build.0 = Release|Any CPU
		{82347870-F1AC-49E3-BCF5-43B850A96F17}.Debug|Any CPU.ActiveCfg = Debug|Any CPU
		{82347870-F1AC-49E3-BCF5-43B850A96F17}.Debug|Any CPU.Build.0 = Debug|Any CPU
		{82347870-F1AC-49E3-BCF5-43B850A96F17}.Release|Any CPU.ActiveCfg = Release|Any CPU
		{82347870-F1AC-49E3-BCF5-43B850A96F17}.Release|Any CPU.Build.0 = Release|Any CPU
		{08F6F874-2188-4E79-BD6D-8ACAF58F9A97}.Debug|Any CPU.ActiveCfg = Debug|Any CPU
		{08F6F874-2188-4E79-BD6D-8ACAF58F9A97}.Debug|Any CPU.Build.0 = Debug|Any CPU
		{08F6F874-2188-4E79-BD6D-8ACAF58F9A97}.Release|Any CPU.ActiveCfg = Release|Any CPU
		{08F6F874-2188-4E79-BD6D-8ACAF58F9A97}.Release|Any CPU.Build.0 = Release|Any CPU
		{9FA4EE82-E088-4CEA-BABA-5FB23107715C}.Debug|Any CPU.ActiveCfg = Debug|Any CPU
		{9FA4EE82-E088-4CEA-BABA-5FB23107715C}.Debug|Any CPU.Build.0 = Debug|Any CPU
		{9FA4EE82-E088-4CEA-BABA-5FB23107715C}.Release|Any CPU.ActiveCfg = Release|Any CPU
		{9FA4EE82-E088-4CEA-BABA-5FB23107715C}.Release|Any CPU.Build.0 = Release|Any CPU
		{C8453BDE-0B13-4D7E-ABDC-5BCB066118F8}.Debug|Any CPU.ActiveCfg = Debug|Any CPU
		{C8453BDE-0B13-4D7E-ABDC-5BCB066118F8}.Debug|Any CPU.Build.0 = Debug|Any CPU
		{C8453BDE-0B13-4D7E-ABDC-5BCB066118F8}.Release|Any CPU.ActiveCfg = Release|Any CPU
		{C8453BDE-0B13-4D7E-ABDC-5BCB066118F8}.Release|Any CPU.Build.0 = Release|Any CPU
	EndGlobalSection
	GlobalSection(SolutionProperties) = preSolution
		HideSolutionNode = FALSE
	EndGlobalSection
	GlobalSection(NestedProjects) = preSolution
		{DEBC0009-BAAC-40DC-997E-AE3107466C8B} = {A8EAB8A6-198B-4DE3-883F-748F771549C4}
		{82347870-F1AC-49E3-BCF5-43B850A96F17} = {34BB7304-EF73-4D26-8C9F-52B901DE739F}
		{08F6F874-2188-4E79-BD6D-8ACAF58F9A97} = {34BB7304-EF73-4D26-8C9F-52B901DE739F}
		{9FA4EE82-E088-4CEA-BABA-5FB23107715C} = {34BB7304-EF73-4D26-8C9F-52B901DE739F}
		{C8453BDE-0B13-4D7E-ABDC-5BCB066118F8} = {34BB7304-EF73-4D26-8C9F-52B901DE739F}
	EndGlobalSection
	GlobalSection(ExtensibilityGlobals) = postSolution
		SolutionGuid = {D595D028-281D-4A43-8F45-F1192716B06C}
	EndGlobalSection
EndGlobal
